
Microsoft Visual Studio Solution File, Format Version 12.00
# Visual Studio Version 16
VisualStudioVersion = 16.0.32106.194
MinimumVisualStudioVersion = 10.0.40219.1
Project("{8BC9CEB8-8B4A-11D0-8D11-00A0C91BC942}") = "MathLibrary", "MathLibrary\MathLibrary.vcxproj", "{AB0474B1-E547-4FA8-A665-7DB460B6DA60}"
EndProject
Project("{8BC9CEB8-8B4A-11D0-8D11-00A0C91BC942}") = "MathTriangle", "MathTriangle\MathTriangle.vcxproj", "{D993F236-DC70-464C-934F-55092C43712A}"
EndProject
Global
	GlobalSection(SolutionConfigurationPlatforms) = preSolution
		Debug|x64 = Debug|x64
		Debug|x86 = Debug|x86
		Release|x64 = Release|x64
		Release|x86 = Release|x86
	EndGlobalSection
	GlobalSection(ProjectConfigurationPlatforms) = postSolution
		{AB0474B1-E547-4FA8-A665-7DB460B6DA60}.Debug|x64.ActiveCfg = Debug|x64
		{AB0474B1-E547-4FA8-A665-7DB460B6DA60}.Debug|x64.Build.0 = Debug|x64
		{AB0474B1-E547-4FA8-A665-7DB460B6DA60}.Debug|x86.ActiveCfg = Debug|Win32
		{AB0474B1-E547-4FA8-A665-7DB460B6DA60}.Debug|x86.Build.0 = Debug|Win32
		{AB0474B1-E547-4FA8-A665-7DB460B6DA60}.Release|x64.ActiveCfg = Release|x64
		{AB0474B1-E547-4FA8-A665-7DB460B6DA60}.Release|x64.Build.0 = Release|x64
		{AB0474B1-E547-4FA8-A665-7DB460B6DA60}.Release|x86.ActiveCfg = Release|Win32
		{AB0474B1-E547-4FA8-A665-7DB460B6DA60}.Release|x86.Build.0 = Release|Win32
		{D993F236-DC70-464C-934F-55092C43712A}.Debug|x64.ActiveCfg = Debug|x64
		{D993F236-DC70-464C-934F-55092C43712A}.Debug|x64.Build.0 = Debug|x64
		{D993F236-DC70-464C-934F-55092C43712A}.Debug|x86.ActiveCfg = Debug|Win32
		{D993F236-DC70-464C-934F-55092C43712A}.Debug|x86.Build.0 = Debug|Win32
		{D993F236-DC70-464C-934F-55092C43712A}.Release|x64.ActiveCfg = Release|x64
		{D993F236-DC70-464C-934F-55092C43712A}.Release|x64.Build.0 = Release|x64
		{D993F236-DC70-464C-934F-55092C43712A}.Release|x86.ActiveCfg = Release|Win32
		{D993F236-DC70-464C-934F-55092C43712A}.Release|x86.Build.0 = Release|Win32
	EndGlobalSection
	GlobalSection(SolutionProperties) = preSolution
		HideSolutionNode = FALSE
	EndGlobalSection
	GlobalSection(ExtensibilityGlobals) = postSolution
		SolutionGuid = {7CB6EBD2-0C7D-4CC7-BC42-069975D72EAA}
	EndGlobalSection
EndGlobal
